
Microsoft Visual Studio Solution File, Format Version 11.00
# Visual Studio 2010
Project("{8BC9CEB8-8B4A-11D0-8D11-00A0C91BC942}") = "dkrnln.vs2010", "dkrnln.vs2010.vcxproj", "{0A499E36-5F4E-49BA-B200-8F93F4995FE6}"
EndProject
Global
	GlobalSection(SolutionConfigurationPlatforms) = preSolution
		Debug|Win32 = Debug|Win32
		Release|Win32 = Release|Win32
	EndGlobalSection
	GlobalSection(ProjectConfigurationPlatforms) = postSolution
		{0A499E36-5F4E-49BA-B200-8F93F4995FE6}.Debug|Win32.ActiveCfg = Debug|Win32
		{0A499E36-5F4E-49BA-B200-8F93F4995FE6}.Debug|Win32.Build.0 = Debug|Win32
		{0A499E36-5F4E-49BA-B200-8F93F4995FE6}.Release|Win32.ActiveCfg = Release|Win32
		{0A499E36-5F4E-49BA-B200-8F93F4995FE6}.Release|Win32.Build.0 = Release|Win32
	EndGlobalSection
	GlobalSection(SolutionProperties) = preSolution
		HideSolutionNode = FALSE
	EndGlobalSection
EndGlobal
